
Microsoft Visual Studio Solution File, Format Version 12.00
# Visual Studio Version 16
VisualStudioVersion = 16.0.28803.156
MinimumVisualStudioVersion = 10.0.40219.1
Project("{9A19103F-16F7-4668-BE54-9A1E7A4F7556}") = "SpeechToText_EN", "SpeechToText_EN\SpeechToText_EN.csproj", "{C40B5A62-305C-4B58-AE6C-D8076DBAE38E}"
EndProject
Project("{9A19103F-16F7-4668-BE54-9A1E7A4F7556}") = "TextToSpeech_EN", "TextToSpeech_EN\TextToSpeech_EN.csproj", "{55730B28-2F59-4084-B924-A071EC3C4DC3}"
EndProject
Project("{9A19103F-16F7-4668-BE54-9A1E7A4F7556}") = "CognitiveServices", "CognitiveServices\CognitiveServices.csproj", "{582F0838-5B7B-4CE5-B2AB-61A3D5973162}"
EndProject
Project("{9A19103F-16F7-4668-BE54-9A1E7A4F7556}") = "SpeechTranslator", "SpeechTranslator\SpeechTranslator.csproj", "{3D36791D-BF09-44C2-A6EF-ED2D0BDA57E8}"
EndProject
Project("{FAE04EC0-301F-11D3-BF4B-00C04F79EFBC}") = "CognitiveServicesTests", "CognitiveServicesTests\CognitiveServicesTests.csproj", "{E3CE14FC-1FCD-4E09-A486-C933FF59D3BB}"
EndProject
Global
	GlobalSection(SolutionConfigurationPlatforms) = preSolution
		Debug|Any CPU = Debug|Any CPU
		Release|Any CPU = Release|Any CPU
	EndGlobalSection
	GlobalSection(ProjectConfigurationPlatforms) = postSolution
		{C40B5A62-305C-4B58-AE6C-D8076DBAE38E}.Debug|Any CPU.ActiveCfg = Debug|Any CPU
		{C40B5A62-305C-4B58-AE6C-D8076DBAE38E}.Debug|Any CPU.Build.0 = Debug|Any CPU
		{C40B5A62-305C-4B58-AE6C-D8076DBAE38E}.Release|Any CPU.ActiveCfg = Release|Any CPU
		{C40B5A62-305C-4B58-AE6C-D8076DBAE38E}.Release|Any CPU.Build.0 = Release|Any CPU
		{55730B28-2F59-4084-B924-A071EC3C4DC3}.Debug|Any CPU.ActiveCfg = Debug|Any CPU
		{55730B28-2F59-4084-B924-A071EC3C4DC3}.Debug|Any CPU.Build.0 = Debug|Any CPU
		{55730B28-2F59-4084-B924-A071EC3C4DC3}.Release|Any CPU.ActiveCfg = Release|Any CPU
		{55730B28-2F59-4084-B924-A071EC3C4DC3}.Release|Any CPU.Build.0 = Release|Any CPU
		{582F0838-5B7B-4CE5-B2AB-61A3D5973162}.Debug|Any CPU.ActiveCfg = Debug|Any CPU
		{582F0838-5B7B-4CE5-B2AB-61A3D5973162}.Debug|Any CPU.Build.0 = Debug|Any CPU
		{582F0838-5B7B-4CE5-B2AB-61A3D5973162}.Release|Any CPU.ActiveCfg = Release|Any CPU
		{582F0838-5B7B-4CE5-B2AB-61A3D5973162}.Release|Any CPU.Build.0 = Release|Any CPU
		{3D36791D-BF09-44C2-A6EF-ED2D0BDA57E8}.Debug|Any CPU.ActiveCfg = Debug|Any CPU
		{3D36791D-BF09-44C2-A6EF-ED2D0BDA57E8}.Debug|Any CPU.Build.0 = Debug|Any CPU
		{3D36791D-BF09-44C2-A6EF-ED2D0BDA57E8}.Release|Any CPU.ActiveCfg = Release|Any CPU
		{3D36791D-BF09-44C2-A6EF-ED2D0BDA57E8}.Release|Any CPU.Build.0 = Release|Any CPU
		{E3CE14FC-1FCD-4E09-A486-C933FF59D3BB}.Debug|Any CPU.ActiveCfg = Debug|Any CPU
		{E3CE14FC-1FCD-4E09-A486-C933FF59D3BB}.Debug|Any CPU.Build.0 = Debug|Any CPU
		{E3CE14FC-1FCD-4E09-A486-C933FF59D3BB}.Release|Any CPU.ActiveCfg = Release|Any CPU
		{E3CE14FC-1FCD-4E09-A486-C933FF59D3BB}.Release|Any CPU.Build.0 = Release|Any CPU
	EndGlobalSection
	GlobalSection(SolutionProperties) = preSolution
		HideSolutionNode = FALSE
	EndGlobalSection
	GlobalSection(ExtensibilityGlobals) = postSolution
		SolutionGuid = {1EDF4FCA-FE67-46BF-B3F1-C68659C2DDDD}
	EndGlobalSection
EndGlobal
